github.com/BurntSushi/toml v1.2.0 h1:Rt8g24XnyGTyglgET/PRUNlrUeu9F5L+7FilkXfZgs0=
github.com/BurntSushi/toml v1.2.0/go.mod h1:CxXYINrC8qIiEnFrOxCa7Jy5BFHlXnUU2pbicEuybxQ=
github.com/codyguo/godaemon v0.0.0-20200413142854-c36b39fdd071 h1:tbnIzvu8FEN9+zlJWxoNfPHeSYeAeAPSAQO7Q5ayQUE=
github.com/codyguo/godaemon v0.0.0-20200413142854-c36b39fdd071/go.mod h1:RDz1idHRmqQc5EUSvX8/YJjOvGno6wqfCvt8ZOjDii8=
github.com/go-sql-driver/mysql v1.6.0 h1:BCTh4TKNUYmOmMUcQ3IipzF5prigylS7XXjEkfCHuOE=
github.com/go-sql-driver/mysql v1.6.0/go.mod h1:DCzpHaOWr8IXmIStZouvnhqoel9Qv2LBy8hT2VhHyBg=
